{
  "object": {
    "pins": [
      {
        "package": "AvailableHapticFeedback",
        "repositoryURL": "https://github.com/yonat/AvailableHapticFeedback",
        "state": {
          "branch": null,
          "revision": "f9ae6d54af1fb06fff0ddb16246091c6de22f989",
          "version": "1.0.2"
        }
      },
      {
        "package": "MultiSlider",
        "repositoryURL": "https://github.com/yonat/MultiSlider",
        "state": {
          "branch": null,
          "revision": "6606775df4274b4e545c169320344ffb6fdd3e37",
          "version": "1.11.2"
        }
      },
      {
        "package": "SweeterSwift",
        "repositoryURL": "https://github.com/yonat/SweeterSwift",
        "state": {
          "branch": null,
          "revision": "375a2603e98c8b59c53c9d2096f5443d78861bff",
          "version": "1.1.5"
        }
      }
    ]
  },
  "version": 1
}
